// !$*UTF8*$!
{
	archiveVersion = 1;
	classes = {
	};
	objectVersion = 50;
	objects = {

/* Begin PBXBuildFile section */
		3003501C209B5D5A006AA783 /* LeagueVC.swift in Sources */ = {isa = PBXBuildFile; fileRef = 3003501B209B5D5A006AA783 /* LeagueVC.swift */; };
		3003501E209B5D69006AA783 /* SkillVC.swift in Sources */ = {isa = PBXBuildFile; fileRef = 3003501D209B5D69006AA783 /* SkillVC.swift */; };
		30035020209B64FC006AA783 /* Player.swift in Sources */ = {isa = PBXBuildFile; fileRef = 3003501F209B64FC006AA783 /* Player.swift */; };
		30E4220F209AEBAE00F2CCFE /* AppDelegate.swift in Sources */ = {isa = PBXBuildFile; fileRef = 30E4220E209AEBAE00F2CCFE /* AppDelegate.swift */; };
		30E42211209AEBAE00F2CCFE /* WelcomeVC.swift in Sources */ = {isa = PBXBuildFile; fileRef = 30E42210209AEBAE00F2CCFE /* WelcomeVC.swift */; };
		30E42214209AEBAE00F2CCFE /* Main.storyboard in Resources */ = {isa = PBXBuildFile; fileRef = 30E42212209AEBAE00F2CCFE /* Main.storyboard */; };
		30E42216209AEBB000F2CCFE /* Assets.xcassets in Resources */ = {isa = PBXBuildFile; fileRef = 30E42215209AEBB000F2CCFE /* Assets.xcassets */; };
		30E42219209AEBB000F2CCFE /* LaunchScreen.storyboard in Resources */ = {isa = PBXBuildFile; fileRef = 30E42217209AEBB000F2CCFE /* LaunchScreen.storyboard */; };
		30E42222209AF47500F2CCFE /* BorderButton.swift in Sources */ = {isa = PBXBuildFile; fileRef = 30E42221209AF47500F2CCFE /* BorderButton.swift */; };
/* End PBXBuildFile section */

/* Begin PBXFileReference section */
		3003501B209B5D5A006AA783 /* LeagueVC.swift */ = {isa = PBXFileReference; lastKnownFileType = sourcecode.swift; path = LeagueVC.swift; sourceTree = "<group>"; };
		3003501D209B5D69006AA783 /* SkillVC.swift */ = {isa = PBXFileReference; lastKnownFileType = sourcecode.swift; path = SkillVC.swift; sourceTree = "<group>"; };
		3003501F209B64FC006AA783 /* Player.swift */ = {isa = PBXFileReference; lastKnownFileType = sourcecode.swift; path = Player.swift; sourceTree = "<group>"; };
		30E4220B209AEBAE00F2CCFE /* Swoosh.app */ = {isa = PBXFileReference; explicitFileType = wrapper.application; includeInIndex = 0; path = Swoosh.app; sourceTree = BUILT_PRODUCTS_DIR; };
		30E4220E209AEBAE00F2CCFE /* AppDelegate.swift */ = {isa = PBXFileReference; lastKnownFileType = sourcecode.swift; path = AppDelegate.swift; sourceTree = "<group>"; };
		30E42210209AEBAE00F2CCFE /* WelcomeVC.swift */ = {isa = PBXFileReference; lastKnownFileType = sourcecode.swift; path = WelcomeVC.swift; sourceTree = "<group>"; };
		30E42213209AEBAE00F2CCFE /* Base */ = {isa = PBXFileReference; lastKnownFileType = file.storyboard; name = Base; path = Base.lproj/Main.storyboard; sourceTree = "<group>"; };
		30E42215209AEBB000F2CCFE /* Assets.xcassets */ = {isa = PBXFileReference; lastKnownFileType = folder.assetcatalog; path = Assets.xcassets; sourceTree = "<group>"; };
		30E42218209AEBB000F2CCFE /* Base */ = {isa = PBXFileReference; lastKnownFileType = file.storyboard; name = Base; path = Base.lproj/LaunchScreen.storyboard; sourceTree = "<group>"; };
		30E4221A209AEBB000F2CCFE /* Info.plist */ = {isa = PBXFileReference; lastKnownFileType = text.plist.xml; path = Info.plist; sourceTree = "<group>"; };
		30E42221209AF47500F2CCFE /* BorderButton.swift */ = {isa = PBXFileReference; lastKnownFileType = sourcecode.swift; path = BorderButton.swift; sourceTree = "<group>"; };
/* End PBXFileReference section */

/* Begin PBXFrameworksBuildPhase section */
		30E42208209AEBAE00F2CCFE /* Frameworks */ = {
			isa = PBXFrameworksBuildPhase;
			buildActionMask = 2147483647;
			files = (
			);
			runOnlyForDeploymentPostprocessing = 0;
		};
/* End PBXFrameworksBuildPhase section */

/* Begin PBXGroup section */
		30035019209B5C7B006AA783 /* Model */ = {
			isa = PBXGroup;
			children = (
				3003501F209B64FC006AA783 /* Player.swift */,
			);
			path = Model;
			sourceTree = "<group>";
		};
		3003501A209B5C81006AA783 /* Controller */ = {
			isa = PBXGroup;
			children = (
				30E42210209AEBAE00F2CCFE /* WelcomeVC.swift */,
				3003501B209B5D5A006AA783 /* LeagueVC.swift */,
				3003501D209B5D69006AA783 /* SkillVC.swift */,
			);
			path = Controller;
			sourceTree = "<group>";
		};
		30E42202209AEBAE00F2CCFE = {
			isa = PBXGroup;
			children = (
				30E4220D209AEBAE00F2CCFE /* Swoosh */,
				30E4220C209AEBAE00F2CCFE /* Products */,
			);
			sourceTree = "<group>";
		};
		30E4220C209AEBAE00F2CCFE /* Products */ = {
			isa = PBXGroup;
			children = (
				30E4220B209AEBAE00F2CCFE /* Swoosh.app */,
			);
			name = Products;
			sourceTree = "<group>";
		};
		30E4220D209AEBAE00F2CCFE /* Swoosh */ = {
			isa = PBXGroup;
			children = (
				30035019209B5C7B006AA783 /* Model */,
				3003501A209B5C81006AA783 /* Controller */,
				30E42220209AF44500F2CCFE /* View */,
				30E4220E209AEBAE00F2CCFE /* AppDelegate.swift */,
				30E42212209AEBAE00F2CCFE /* Main.storyboard */,
				30E42215209AEBB000F2CCFE /* Assets.xcassets */,
				30E42217209AEBB000F2CCFE /* LaunchScreen.storyboard */,
				30E4221A209AEBB000F2CCFE /* Info.plist */,
			);
			path = Swoosh;
			sourceTree = "<group>";
		};
		30E42220209AF44500F2CCFE /* View */ = {
			isa = PBXGroup;
			children = (
				30E42221209AF47500F2CCFE /* BorderButton.swift */,
			);
			path = View;
			sourceTree = "<group>";
		};
/* End PBXGroup section */

/* Begin PBXNativeTarget section */
		30E4220A209AEBAE00F2CCFE /* Swoosh */ = {
			isa = PBXNativeTarget;
			buildConfigurationList = 30E4221D209AEBB000F2CCFE /* Build configuration list for PBXNativeTarget "Swoosh" */;
			buildPhases = (
				30E42207209AEBAE00F2CCFE /* Sources */,
				30E42208209AEBAE00F2CCFE /* Frameworks */,
				30E42209209AEBAE00F2CCFE /* Resources */,
			);
			buildRules = (
			);
			dependencies = (
			);
			name = Swoosh;
			productName = Swoosh;
			productReference = 30E4220B209AEBAE00F2CCFE /* Swoosh.app */;
			productType = "com.apple.product-type.application";
		};
/* End PBXNativeTarget section */

/* Begin PBXProject section */
		30E42203209AEBAE00F2CCFE /* Project object */ = {
			isa = PBXProject;
			attributes = {
				LastSwiftUpdateCheck = 0930;
				LastUpgradeCheck = 0930;
				ORGANIZATIONNAME = "Alish Giri";
				TargetAttributes = {
					30E4220A209AEBAE00F2CCFE = {
						CreatedOnToolsVersion = 9.3;
					};
				};
			};
			buildConfigurationList = 30E42206209AEBAE00F2CCFE /* Build configuration list for PBXProject "Swoosh" */;
			compatibilityVersion = "Xcode 9.3";
			developmentRegion = en;
			hasScannedForEncodings = 0;
			knownRegions = (
				en,
				Base,
			);
			mainGroup = 30E42202209AEBAE00F2CCFE;
			productRefGroup = 30E4220C209AEBAE00F2CCFE /* Products */;
			projectDirPath = "";
			projectRoot = "";
			targets = (
				30E4220A209AEBAE00F2CCFE /* Swoosh */,
			);
		};
/* End PBXProject section */

/* Begin PBXResourcesBuildPhase section */
		30E42209209AEBAE00F2CCFE /* Resources */ = {
			isa = PBXResourcesBuildPhase;
			buildActionMask = 2147483647;
			files = (
				30E42219209AEBB000F2CCFE /* LaunchScreen.storyboard in Resources */,
				30E42216209AEBB000F2CCFE /* Assets.xcassets in Resources */,
				30E42214209AEBAE00F2CCFE /* Main.storyboard in Resources */,
			);
			runOnlyForDeploymentPostprocessing = 0;
		};
/* End PBXResourcesBuildPhase section */

/* Begin PBXSourcesBuildPhase section */
		30E42207209AEBAE00F2CCFE /* Sources */ = {
			isa = PBXSourcesBuildPhase;
			buildActionMask = 2147483647;
			files = (
				30E42211209AEBAE00F2CCFE /* WelcomeVC.swift in Sources */,
				3003501C209B5D5A006AA783 /* LeagueVC.swift in Sources */,
				30E4220F209AEBAE00F2CCFE /* AppDelegate.swift in Sources */,
				3003501E209B5D69006AA783 /* SkillVC.swift in Sources */,
				30035020209B64FC006AA783 /* Player.swift in Sources */,
				30E42222209AF47500F2CCFE /* BorderButton.swift in Sources */,
			);
			runOnlyForDeploymentPostprocessing = 0;
		};
/* End PBXSourcesBuildPhase section */

/* Begin PBXVariantGroup section */
		30E42212209AEBAE00F2CCFE /* Main.storyboard */ = {
			isa = PBXVariantGroup;
			children = (
				30E42213209AEBAE00F2CCFE /* Base */,
			);
			name = Main.storyboard;
			sourceTree = "<group>";
		};
		30E42217209AEBB000F2CCFE /* LaunchScreen.storyboard */ = {
			isa = PBXVariantGroup;
			children = (
				30E42218209AEBB000F2CCFE /* Base */,
			);
			name = LaunchScreen.storyboard;
			sourceTree = "<group>";
		};
/* End PBXVariantGroup section */

/* Begin XCBuildConfiguration section */
		30E4221B209AEBB000F2CCFE /* Debug */ = {
			isa = XCBuildConfiguration;
			buildSettings = {
				ALWAYS_SEARCH_USER_PATHS = NO;
				CLANG_ANALYZER_NONNULL = YES;
				CLANG_ANALYZER_NUMBER_OBJECT_CONVERSION = YES_AGGRESSIVE;
				CLANG_CXX_LANGUAGE_STANDARD = "gnu++14";
				CLANG_CXX_LIBRARY = "libc++";
				CLANG_ENABLE_MODULES = YES;
				CLANG_ENABLE_OBJC_ARC = YES;
				CLANG_ENABLE_OBJC_WEAK = YES;
				CLANG_WARN_BLOCK_CAPTURE_AUTORELEASING = YES;
				CLANG_WARN_BOOL_CONVERSION = YES;
				CLANG_WARN_COMMA = YES;
				CLANG_WARN_CONSTANT_CONVERSION = YES;
				CLANG_WARN_DEPRECATED_OBJC_IMPLEMENTATIONS = YES;
				CLANG_WARN_DIRECT_OBJC_ISA_USAGE = YES_ERROR;
				CLANG_WARN_DOCUMENTATION_COMMENTS = YES;
				CLANG_WARN_EMPTY_BODY = YES;
				CLANG_WARN_ENUM_CONVERSION = YES;
				CLANG_WARN_INFINITE_RECURSION = YES;
				CLANG_WARN_INT_CONVERSION = YES;
				CLANG_WARN_NON_LITERAL_NULL_CONVERSION = YES;
				CLANG_WARN_OBJC_IMPLICIT_RETAIN_SELF = YES;
				CLANG_WARN_OBJC_LITERAL_CONVERSION = YES;
				CLANG_WARN_OBJC_ROOT_CLASS = YES_ERROR;
				CLANG_WARN_RANGE_LOOP_ANALYSIS = YES;
				CLANG_WARN_STRICT_PROTOTYPES = YES;
				CLANG_WARN_SUSPICIOUS_MOVE = YES;
				CLANG_WARN_UNGUARDED_AVAILABILITY = YES_AGGRESSIVE;
				CLANG_WARN_UNREACHABLE_CODE = YES;
				CLANG_WARN__DUPLICATE_METHOD_MATCH = YES;
				CODE_SIGN_IDENTITY = "iPhone Developer";
				COPY_PHASE_STRIP = NO;
				DEBUG_INFORMATION_FORMAT = dwarf;
				ENABLE_STRICT_OBJC_MSGSEND = YES;
				ENABLE_TESTABILITY = YES;
				GCC_C_LANGUAGE_STANDARD = gnu11;
				GCC_DYNAMIC_NO_PIC = NO;
				GCC_NO_COMMON_BLOCKS = YES;
				GCC_OPTIMIZATION_LEVEL = 0;
				GCC_PREPROCESSOR_DEFINITIONS = (
					"DEBUG=1",
					"$(inherited)",
				);
				GCC_WARN_64_TO_32_BIT_CONVERSION = YES;
				GCC_WARN_ABOUT_RETURN_TYPE = YES_ERROR;
				GCC_WARN_UNDECLARED_SELECTOR = YES;
				GCC_WARN_UNINITIALIZED_AUTOS = YES_AGGRESSIVE;
				GCC_WARN_UNUSED_FUNCTION = YES;
				GCC_WARN_UNUSED_VARIABLE = YES;
				IPHONEOS_DEPLOYMENT_TARGET = 11.3;
				MTL_ENABLE_DEBUG_INFO = YES;
				ONLY_ACTIVE_ARCH = YES;
				SDKROOT = iphoneos;
				SWIFT_ACTIVE_COMPILATION_CONDITIONS = DEBUG;
				SWIFT_OPTIMIZATION_LEVEL = "-Onone";
			};
			name = Debug;
		};
		30E4221C209AEBB000F2CCFE /* Release */ = {
			isa = XCBuildConfiguration;
			buildSettings = {
				ALWAYS_SEARCH_USER_PATHS = NO;
				CLANG_ANALYZER_NONNULL = YES;
				CLANG_ANALYZER_NUMBER_OBJECT_CONVERSION = YES_AGGRESSIVE;
				CLANG_CXX_LANGUAGE_STANDARD = "gnu++14";
				CLANG_CXX_LIBRARY = "libc++";
				CLANG_ENABLE_MODULES = YES;
				CLANG_ENABLE_OBJC_ARC = YES;
				CLANG_ENABLE_OBJC_WEAK = YES;
				CLANG_WARN_BLOCK_CAPTURE_AUTORELEASING = YES;
				CLANG_WARN_BOOL_CONVERSION = YES;
				CLANG_WARN_COMMA = YES;
				CLANG_WARN_CONSTANT_CONVERSION = YES;
				CLANG_WARN_DEPRECATED_OBJC_IMPLEMENTATIONS = YES;
				CLANG_WARN_DIRECT_OBJC_ISA_USAGE = YES_ERROR;
				CLANG_WARN_DOCUMENTATION_COMMENTS = YES;
				CLANG_WARN_EMPTY_BODY = YES;
				CLANG_WARN_ENUM_CONVERSION = YES;
				CLANG_WARN_INFINITE_RECURSION = YES;
				CLANG_WARN_INT_CONVERSION = YES;
				CLANG_WARN_NON_LITERAL_NULL_CONVERSION = YES;
				CLANG_WARN_OBJC_IMPLICIT_RETAIN_SELF = YES;
				CLANG_WARN_OBJC_LITERAL_CONVERSION = YES;
				CLANG_WARN_OBJC_ROOT_CLASS = YES_ERROR;
				CLANG_WARN_RANGE_LOOP_ANALYSIS = YES;
				CLANG_WARN_STRICT_PROTOTYPES = YES;
				CLANG_WARN_SUSPICIOUS_MOVE = YES;
				CLANG_WARN_UNGUARDED_AVAILABILITY = YES_AGGRESSIVE;
				CLANG_WARN_UNREACHABLE_CODE = YES;
				CLANG_WARN__DUPLICATE_METHOD_MATCH = YES;
				CODE_SIGN_IDENTITY = "iPhone Developer";
				COPY_PHASE_STRIP = NO;
				DEBUG_INFORMATION_FORMAT = "dwarf-with-dsym";
				ENABLE_NS_ASSERTIONS = NO;
				ENABLE_STRICT_OBJC_MSGSEND = YES;
				GCC_C_LANGUAGE_STANDARD = gnu11;
				GCC_NO_COMMON_BLOCKS = YES;
				GCC_WARN_64_TO_32_BIT_CONVERSION = YES;
				GCC_WARN_ABOUT_RETURN_TYPE = YES_ERROR;
				GCC_WARN_UNDECLARED_SELECTOR = YES;
				GCC_WARN_UNINITIALIZED_AUTOS = YES_AGGRESSIVE;
				GCC_WARN_UNUSED_FUNCTION = YES;
				GCC_WARN_UNUSED_VARIABLE = YES;
				IPHONEOS_DEPLOYMENT_TARGET = 11.3;
				MTL_ENABLE_DEBUG_INFO = NO;
				SDKROOT = iphoneos;
				SWIFT_COMPILATION_MODE = wholemodule;
				SWIFT_OPTIMIZATION_LEVEL = "-O";
				VALIDATE_PRODUCT = YES;
			};
			name = Release;
		};
		30E4221E209AEBB000F2CCFE /* Debug */ = {
			isa = XCBuildConfiguration;
			buildSettings = {
				ASSETCATALOG_COMPILER_APPICON_NAME = AppIcon;
				CODE_SIGN_IDENTITY = "iPhone Developer";
				CODE_SIGN_STYLE = Manual;
				DEVELOPMENT_TEAM = "";
				INFOPLIST_FILE = Swoosh/Info.plist;
				LD_RUNPATH_SEARCH_PATHS = (
					"$(inherited)",
					"@executable_path/Frameworks",
				);
				PRODUCT_BUNDLE_IDENTIFIER = com.alishgiri.Swoosh;
				PRODUCT_NAME = "$(TARGET_NAME)";
				PROVISIONING_PROFILE_SPECIFIER = "";
				SWIFT_VERSION = 4.0;
				TARGETED_DEVICE_FAMILY = "1,2";
			};
			name = Debug;
		};
		30E4221F209AEBB000F2CCFE /* Release */ = {
			isa = XCBuildConfiguration;
			buildSettings = {
				ASSETCATALOG_COMPILER_APPICON_NAME = AppIcon;
				CODE_SIGN_IDENTITY = "iPhone Developer";
				CODE_SIGN_STYLE = Manual;
				DEVELOPMENT_TEAM = "";
				INFOPLIST_FILE = Swoosh/Info.plist;
				LD_RUNPATH_SEARCH_PATHS = (
					"$(inherited)",
					"@executable_path/Frameworks",
				);
				PRODUCT_BUNDLE_IDENTIFIER = com.alishgiri.Swoosh;
				PRODUCT_NAME = "$(TARGET_NAME)";
				PROVISIONING_PROFILE_SPECIFIER = "";
				SWIFT_VERSION = 4.0;
				TARGETED_DEVICE_FAMILY = "1,2";
			};
			name = Release;
		};
/* End XCBuildConfiguration section */

/* Begin XCConfigurationList section */
		30E42206209AEBAE00F2CCFE /* Build configuration list for PBXProject "Swoosh" */ = {
			isa = XCConfigurationList;
			buildConfigurations = (
				30E4221B209AEBB000F2CCFE /* Debug */,
				30E4221C209AEBB000F2CCFE /* Release */,
			);
			defaultConfigurationIsVisible = 0;
			defaultConfigurationName = Release;
		};
		30E4221D209AEBB000F2CCFE /* Build configuration list for PBXNativeTarget "Swoosh" */ = {
			isa = XCConfigurationList;
			buildConfigurations = (
				30E4221E209AEBB000F2CCFE /* Debug */,
				30E4221F209AEBB000F2CCFE /* Release */,
			);
			defaultConfigurationIsVisible = 0;
			defaultConfigurationName = Release;
		};
/* End XCConfigurationList section */
	};
	rootObject = 30E42203209AEBAE00F2CCFE /* Project object */;
}
