// !$*UTF8*$!
{
	archiveVersion = 1;
	classes = {
	};
	objectVersion = 50;
	objects = {

/* Begin PBXBuildFile section */
		0428A36820C90B71004940CB /* CardBehaviour.swift in Sources */ = {isa = PBXBuildFile; fileRef = 0428A36720C90B71004940CB /* CardBehaviour.swift */; };
		0491738320BFA6F100B3CF8A /* PlayingCardDeck.swift in Sources */ = {isa = PBXBuildFile; fileRef = 0491738220BFA6F100B3CF8A /* PlayingCardDeck.swift */; };
		0491738520BFAB0B00B3CF8A /* PlayingCardView.swift in Sources */ = {isa = PBXBuildFile; fileRef = 0491738420BFAB0B00B3CF8A /* PlayingCardView.swift */; };
		04FC056420BE61FA009316D1 /* AppDelegate.swift in Sources */ = {isa = PBXBuildFile; fileRef = 04FC056320BE61FA009316D1 /* AppDelegate.swift */; };
		04FC056620BE61FA009316D1 /* ViewController.swift in Sources */ = {isa = PBXBuildFile; fileRef = 04FC056520BE61FA009316D1 /* ViewController.swift */; };
		04FC056920BE61FA009316D1 /* Main.storyboard in Resources */ = {isa = PBXBuildFile; fileRef = 04FC056720BE61FA009316D1 /* Main.storyboard */; };
		04FC056B20BE61FC009316D1 /* Assets.xcassets in Resources */ = {isa = PBXBuildFile; fileRef = 04FC056A20BE61FC009316D1 /* Assets.xcassets */; };
		04FC056E20BE61FC009316D1 /* LaunchScreen.storyboard in Resources */ = {isa = PBXBuildFile; fileRef = 04FC056C20BE61FC009316D1 /* LaunchScreen.storyboard */; };
		04FC057720BE629A009316D1 /* PlayingCard.swift in Sources */ = {isa = PBXBuildFile; fileRef = 04FC057620BE629A009316D1 /* PlayingCard.swift */; };
/* End PBXBuildFile section */

/* Begin PBXFileReference section */
		0428A36720C90B71004940CB /* CardBehaviour.swift */ = {isa = PBXFileReference; lastKnownFileType = sourcecode.swift; path = CardBehaviour.swift; sourceTree = "<group>"; };
		0491738220BFA6F100B3CF8A /* PlayingCardDeck.swift */ = {isa = PBXFileReference; lastKnownFileType = sourcecode.swift; path = PlayingCardDeck.swift; sourceTree = "<group>"; };
		0491738420BFAB0B00B3CF8A /* PlayingCardView.swift */ = {isa = PBXFileReference; lastKnownFileType = sourcecode.swift; path = PlayingCardView.swift; sourceTree = "<group>"; };
		04FC056020BE61FA009316D1 /* PlayingCard.app */ = {isa = PBXFileReference; explicitFileType = wrapper.application; includeInIndex = 0; path = PlayingCard.app; sourceTree = BUILT_PRODUCTS_DIR; };
		04FC056320BE61FA009316D1 /* AppDelegate.swift */ = {isa = PBXFileReference; lastKnownFileType = sourcecode.swift; path = AppDelegate.swift; sourceTree = "<group>"; };
		04FC056520BE61FA009316D1 /* ViewController.swift */ = {isa = PBXFileReference; lastKnownFileType = sourcecode.swift; path = ViewController.swift; sourceTree = "<group>"; };
		04FC056820BE61FA009316D1 /* Base */ = {isa = PBXFileReference; lastKnownFileType = file.storyboard; name = Base; path = Base.lproj/Main.storyboard; sourceTree = "<group>"; };
		04FC056A20BE61FC009316D1 /* Assets.xcassets */ = {isa = PBXFileReference; lastKnownFileType = folder.assetcatalog; path = Assets.xcassets; sourceTree = "<group>"; };
		04FC056D20BE61FC009316D1 /* Base */ = {isa = PBXFileReference; lastKnownFileType = file.storyboard; name = Base; path = Base.lproj/LaunchScreen.storyboard; sourceTree = "<group>"; };
		04FC056F20BE61FC009316D1 /* Info.plist */ = {isa = PBXFileReference; lastKnownFileType = text.plist.xml; path = Info.plist; sourceTree = "<group>"; };
		04FC057620BE629A009316D1 /* PlayingCard.swift */ = {isa = PBXFileReference; lastKnownFileType = sourcecode.swift; path = PlayingCard.swift; sourceTree = "<group>"; };
/* End PBXFileReference section */

/* Begin PBXFrameworksBuildPhase section */
		04FC055D20BE61FA009316D1 /* Frameworks */ = {
			isa = PBXFrameworksBuildPhase;
			buildActionMask = 2147483647;
			files = (
			);
			runOnlyForDeploymentPostprocessing = 0;
		};
/* End PBXFrameworksBuildPhase section */

/* Begin PBXGroup section */
		04FC055720BE61FA009316D1 = {
			isa = PBXGroup;
			children = (
				04FC056220BE61FA009316D1 /* PlayingCard */,
				04FC056120BE61FA009316D1 /* Products */,
			);
			sourceTree = "<group>";
		};
		04FC056120BE61FA009316D1 /* Products */ = {
			isa = PBXGroup;
			children = (
				04FC056020BE61FA009316D1 /* PlayingCard.app */,
			);
			name = Products;
			sourceTree = "<group>";
		};
		04FC056220BE61FA009316D1 /* PlayingCard */ = {
			isa = PBXGroup;
			children = (
				04FC057520BE6239009316D1 /* Supporting Files */,
				04FC056520BE61FA009316D1 /* ViewController.swift */,
				0428A36720C90B71004940CB /* CardBehaviour.swift */,
				0491738420BFAB0B00B3CF8A /* PlayingCardView.swift */,
				04FC057620BE629A009316D1 /* PlayingCard.swift */,
				0491738220BFA6F100B3CF8A /* PlayingCardDeck.swift */,
				04FC056720BE61FA009316D1 /* Main.storyboard */,
				04FC056A20BE61FC009316D1 /* Assets.xcassets */,
				04FC056F20BE61FC009316D1 /* Info.plist */,
			);
			path = PlayingCard;
			sourceTree = "<group>";
		};
		04FC057520BE6239009316D1 /* Supporting Files */ = {
			isa = PBXGroup;
			children = (
				04FC056320BE61FA009316D1 /* AppDelegate.swift */,
				04FC056C20BE61FC009316D1 /* LaunchScreen.storyboard */,
			);
			path = "Supporting Files";
			sourceTree = "<group>";
		};
/* End PBXGroup section */

/* Begin PBXNativeTarget section */
		04FC055F20BE61FA009316D1 /* PlayingCard */ = {
			isa = PBXNativeTarget;
			buildConfigurationList = 04FC057220BE61FC009316D1 /* Build configuration list for PBXNativeTarget "PlayingCard" */;
			buildPhases = (
				04FC055C20BE61FA009316D1 /* Sources */,
				04FC055D20BE61FA009316D1 /* Frameworks */,
				04FC055E20BE61FA009316D1 /* Resources */,
			);
			buildRules = (
			);
			dependencies = (
			);
			name = PlayingCard;
			productName = PlayingCard;
			productReference = 04FC056020BE61FA009316D1 /* PlayingCard.app */;
			productType = "com.apple.product-type.application";
		};
/* End PBXNativeTarget section */

/* Begin PBXProject section */
		04FC055820BE61FA009316D1 /* Project object */ = {
			isa = PBXProject;
			attributes = {
				LastSwiftUpdateCheck = 0940;
				LastUpgradeCheck = 0940;
				ORGANIZATIONNAME = eggs;
				TargetAttributes = {
					04FC055F20BE61FA009316D1 = {
						CreatedOnToolsVersion = 9.4;
					};
				};
			};
			buildConfigurationList = 04FC055B20BE61FA009316D1 /* Build configuration list for PBXProject "PlayingCard" */;
			compatibilityVersion = "Xcode 9.3";
			developmentRegion = en;
			hasScannedForEncodings = 0;
			knownRegions = (
				en,
				Base,
			);
			mainGroup = 04FC055720BE61FA009316D1;
			productRefGroup = 04FC056120BE61FA009316D1 /* Products */;
			projectDirPath = "";
			projectRoot = "";
			targets = (
				04FC055F20BE61FA009316D1 /* PlayingCard */,
			);
		};
/* End PBXProject section */

/* Begin PBXResourcesBuildPhase section */
		04FC055E20BE61FA009316D1 /* Resources */ = {
			isa = PBXResourcesBuildPhase;
			buildActionMask = 2147483647;
			files = (
				04FC056E20BE61FC009316D1 /* LaunchScreen.storyboard in Resources */,
				04FC056B20BE61FC009316D1 /* Assets.xcassets in Resources */,
				04FC056920BE61FA009316D1 /* Main.storyboard in Resources */,
			);
			runOnlyForDeploymentPostprocessing = 0;
		};
/* End PBXResourcesBuildPhase section */

/* Begin PBXSourcesBuildPhase section */
		04FC055C20BE61FA009316D1 /* Sources */ = {
			isa = PBXSourcesBuildPhase;
			buildActionMask = 2147483647;
			files = (
				04FC056620BE61FA009316D1 /* ViewController.swift in Sources */,
				0491738320BFA6F100B3CF8A /* PlayingCardDeck.swift in Sources */,
				04FC057720BE629A009316D1 /* PlayingCard.swift in Sources */,
				0491738520BFAB0B00B3CF8A /* PlayingCardView.swift in Sources */,
				04FC056420BE61FA009316D1 /* AppDelegate.swift in Sources */,
				0428A36820C90B71004940CB /* CardBehaviour.swift in Sources */,
			);
			runOnlyForDeploymentPostprocessing = 0;
		};
/* End PBXSourcesBuildPhase section */

/* Begin PBXVariantGroup section */
		04FC056720BE61FA009316D1 /* Main.storyboard */ = {
			isa = PBXVariantGroup;
			children = (
				04FC056820BE61FA009316D1 /* Base */,
			);
			name = Main.storyboard;
			sourceTree = "<group>";
		};
		04FC056C20BE61FC009316D1 /* LaunchScreen.storyboard */ = {
			isa = PBXVariantGroup;
			children = (
				04FC056D20BE61FC009316D1 /* Base */,
			);
			name = LaunchScreen.storyboard;
			sourceTree = "<group>";
		};
/* End PBXVariantGroup section */

/* Begin XCBuildConfiguration section */
		04FC057020BE61FC009316D1 /* Debug */ = {
			isa = XCBuildConfiguration;
			buildSettings = {
				ALWAYS_SEARCH_USER_PATHS = NO;
				CLANG_ANALYZER_NONNULL = YES;
				CLANG_ANALYZER_NUMBER_OBJECT_CONVERSION = YES_AGGRESSIVE;
				CLANG_CXX_LANGUAGE_STANDARD = "gnu++14";
				CLANG_CXX_LIBRARY = "libc++";
				CLANG_ENABLE_MODULES = YES;
				CLANG_ENABLE_OBJC_ARC = YES;
				CLANG_ENABLE_OBJC_WEAK = YES;
				CLANG_WARN_BLOCK_CAPTURE_AUTORELEASING = YES;
				CLANG_WARN_BOOL_CONVERSION = YES;
				CLANG_WARN_COMMA = YES;
				CLANG_WARN_CONSTANT_CONVERSION = YES;
				CLANG_WARN_DEPRECATED_OBJC_IMPLEMENTATIONS = YES;
				CLANG_WARN_DIRECT_OBJC_ISA_USAGE = YES_ERROR;
				CLANG_WARN_DOCUMENTATION_COMMENTS = YES;
				CLANG_WARN_EMPTY_BODY = YES;
				CLANG_WARN_ENUM_CONVERSION = YES;
				CLANG_WARN_INFINITE_RECURSION = YES;
				CLANG_WARN_INT_CONVERSION = YES;
				CLANG_WARN_NON_LITERAL_NULL_CONVERSION = YES;
				CLANG_WARN_OBJC_IMPLICIT_RETAIN_SELF = YES;
				CLANG_WARN_OBJC_LITERAL_CONVERSION = YES;
				CLANG_WARN_OBJC_ROOT_CLASS = YES_ERROR;
				CLANG_WARN_RANGE_LOOP_ANALYSIS = YES;
				CLANG_WARN_STRICT_PROTOTYPES = YES;
				CLANG_WARN_SUSPICIOUS_MOVE = YES;
				CLANG_WARN_UNGUARDED_AVAILABILITY = YES_AGGRESSIVE;
				CLANG_WARN_UNREACHABLE_CODE = YES;
				CLANG_WARN__DUPLICATE_METHOD_MATCH = YES;
				CODE_SIGN_IDENTITY = "iPhone Developer";
				COPY_PHASE_STRIP = NO;
				DEBUG_INFORMATION_FORMAT = dwarf;
				ENABLE_STRICT_OBJC_MSGSEND = YES;
				ENABLE_TESTABILITY = YES;
				GCC_C_LANGUAGE_STANDARD = gnu11;
				GCC_DYNAMIC_NO_PIC = NO;
				GCC_NO_COMMON_BLOCKS = YES;
				GCC_OPTIMIZATION_LEVEL = 0;
				GCC_PREPROCESSOR_DEFINITIONS = (
					"DEBUG=1",
					"$(inherited)",
				);
				GCC_WARN_64_TO_32_BIT_CONVERSION = YES;
				GCC_WARN_ABOUT_RETURN_TYPE = YES_ERROR;
				GCC_WARN_UNDECLARED_SELECTOR = YES;
				GCC_WARN_UNINITIALIZED_AUTOS = YES_AGGRESSIVE;
				GCC_WARN_UNUSED_FUNCTION = YES;
				GCC_WARN_UNUSED_VARIABLE = YES;
				IPHONEOS_DEPLOYMENT_TARGET = 11.4;
				MTL_ENABLE_DEBUG_INFO = YES;
				ONLY_ACTIVE_ARCH = YES;
				SDKROOT = iphoneos;
				SWIFT_ACTIVE_COMPILATION_CONDITIONS = DEBUG;
				SWIFT_OPTIMIZATION_LEVEL = "-Onone";
			};
			name = Debug;
		};
		04FC057120BE61FC009316D1 /* Release */ = {
			isa = XCBuildConfiguration;
			buildSettings = {
				ALWAYS_SEARCH_USER_PATHS = NO;
				CLANG_ANALYZER_NONNULL = YES;
				CLANG_ANALYZER_NUMBER_OBJECT_CONVERSION = YES_AGGRESSIVE;
				CLANG_CXX_LANGUAGE_STANDARD = "gnu++14";
				CLANG_CXX_LIBRARY = "libc++";
				CLANG_ENABLE_MODULES = YES;
				CLANG_ENABLE_OBJC_ARC = YES;
				CLANG_ENABLE_OBJC_WEAK = YES;
				CLANG_WARN_BLOCK_CAPTURE_AUTORELEASING = YES;
				CLANG_WARN_BOOL_CONVERSION = YES;
				CLANG_WARN_COMMA = YES;
				CLANG_WARN_CONSTANT_CONVERSION = YES;
				CLANG_WARN_DEPRECATED_OBJC_IMPLEMENTATIONS = YES;
				CLANG_WARN_DIRECT_OBJC_ISA_USAGE = YES_ERROR;
				CLANG_WARN_DOCUMENTATION_COMMENTS = YES;
				CLANG_WARN_EMPTY_BODY = YES;
				CLANG_WARN_ENUM_CONVERSION = YES;
				CLANG_WARN_INFINITE_RECURSION = YES;
				CLANG_WARN_INT_CONVERSION = YES;
				CLANG_WARN_NON_LITERAL_NULL_CONVERSION = YES;
				CLANG_WARN_OBJC_IMPLICIT_RETAIN_SELF = YES;
				CLANG_WARN_OBJC_LITERAL_CONVERSION = YES;
				CLANG_WARN_OBJC_ROOT_CLASS = YES_ERROR;
				CLANG_WARN_RANGE_LOOP_ANALYSIS = YES;
				CLANG_WARN_STRICT_PROTOTYPES = YES;
				CLANG_WARN_SUSPICIOUS_MOVE = YES;
				CLANG_WARN_UNGUARDED_AVAILABILITY = YES_AGGRESSIVE;
				CLANG_WARN_UNREACHABLE_CODE = YES;
				CLANG_WARN__DUPLICATE_METHOD_MATCH = YES;
				CODE_SIGN_IDENTITY = "iPhone Developer";
				COPY_PHASE_STRIP = NO;
				DEBUG_INFORMATION_FORMAT = "dwarf-with-dsym";
				ENABLE_NS_ASSERTIONS = NO;
				ENABLE_STRICT_OBJC_MSGSEND = YES;
				GCC_C_LANGUAGE_STANDARD = gnu11;
				GCC_NO_COMMON_BLOCKS = YES;
				GCC_WARN_64_TO_32_BIT_CONVERSION = YES;
				GCC_WARN_ABOUT_RETURN_TYPE = YES_ERROR;
				GCC_WARN_UNDECLARED_SELECTOR = YES;
				GCC_WARN_UNINITIALIZED_AUTOS = YES_AGGRESSIVE;
				GCC_WARN_UNUSED_FUNCTION = YES;
				GCC_WARN_UNUSED_VARIABLE = YES;
				IPHONEOS_DEPLOYMENT_TARGET = 11.4;
				MTL_ENABLE_DEBUG_INFO = NO;
				SDKROOT = iphoneos;
				SWIFT_COMPILATION_MODE = wholemodule;
				SWIFT_OPTIMIZATION_LEVEL = "-O";
				VALIDATE_PRODUCT = YES;
			};
			name = Release;
		};
		04FC057320BE61FC009316D1 /* Debug */ = {
			isa = XCBuildConfiguration;
			buildSettings = {
				ASSETCATALOG_COMPILER_APPICON_NAME = AppIcon;
				CODE_SIGN_STYLE = Automatic;
				DEVELOPMENT_TEAM = T849HY2UQJ;
				INFOPLIST_FILE = PlayingCard/Info.plist;
				LD_RUNPATH_SEARCH_PATHS = (
					"$(inherited)",
					"@executable_path/Frameworks",
				);
				PRODUCT_BUNDLE_IDENTIFIER = com.eggs.PlayingCard;
				PRODUCT_NAME = "$(TARGET_NAME)";
				SWIFT_VERSION = 4.0;
				TARGETED_DEVICE_FAMILY = "1,2";
			};
			name = Debug;
		};
		04FC057420BE61FC009316D1 /* Release */ = {
			isa = XCBuildConfiguration;
			buildSettings = {
				ASSETCATALOG_COMPILER_APPICON_NAME = AppIcon;
				CODE_SIGN_STYLE = Automatic;
				DEVELOPMENT_TEAM = T849HY2UQJ;
				INFOPLIST_FILE = PlayingCard/Info.plist;
				LD_RUNPATH_SEARCH_PATHS = (
					"$(inherited)",
					"@executable_path/Frameworks",
				);
				PRODUCT_BUNDLE_IDENTIFIER = com.eggs.PlayingCard;
				PRODUCT_NAME = "$(TARGET_NAME)";
				SWIFT_VERSION = 4.0;
				TARGETED_DEVICE_FAMILY = "1,2";
			};
			name = Release;
		};
/* End XCBuildConfiguration section */

/* Begin XCConfigurationList section */
		04FC055B20BE61FA009316D1 /* Build configuration list for PBXProject "PlayingCard" */ = {
			isa = XCConfigurationList;
			buildConfigurations = (
				04FC057020BE61FC009316D1 /* Debug */,
				04FC057120BE61FC009316D1 /* Release */,
			);
			defaultConfigurationIsVisible = 0;
			defaultConfigurationName = Release;
		};
		04FC057220BE61FC009316D1 /* Build configuration list for PBXNativeTarget "PlayingCard" */ = {
			isa = XCConfigurationList;
			buildConfigurations = (
				04FC057320BE61FC009316D1 /* Debug */,
				04FC057420BE61FC009316D1 /* Release */,
			);
			defaultConfigurationIsVisible = 0;
			defaultConfigurationName = Release;
		};
/* End XCConfigurationList section */
	};
	rootObject = 04FC055820BE61FA009316D1 /* Project object */;
}
